// !$*UTF8*$!
{
	archiveVersion = 1;
	classes = {
	};
	objectVersion = 50;
	objects = {

/* Begin PBXBuildFile section */
		84C541542603526E00AEBB49 /* Calculator+ActionType.swift in Sources */ = {isa = PBXBuildFile; fileRef = 84C541532603526E00AEBB49 /* Calculator+ActionType.swift */; };
		968529DA25FF882F001994D7 /* Calculator.swift in Sources */ = {isa = PBXBuildFile; fileRef = 968529D925FF882F001994D7 /* Calculator.swift */; };
		96B1DF2E25FF3A5400F9FF61 /* AppDelegate.swift in Sources */ = {isa = PBXBuildFile; fileRef = 96B1DF2D25FF3A5400F9FF61 /* AppDelegate.swift */; };
		96B1DF3025FF3A5400F9FF61 /* SceneDelegate.swift in Sources */ = {isa = PBXBuildFile; fileRef = 96B1DF2F25FF3A5400F9FF61 /* SceneDelegate.swift */; };
		96B1DF3225FF3A5400F9FF61 /* CalculatorViewController.swift in Sources */ = {isa = PBXBuildFile; fileRef = 96B1DF3125FF3A5400F9FF61 /* CalculatorViewController.swift */; };
		96B1DF3525FF3A5400F9FF61 /* Main.storyboard in Resources */ = {isa = PBXBuildFile; fileRef = 96B1DF3325FF3A5400F9FF61 /* Main.storyboard */; };
		96B1DF3725FF3A5600F9FF61 /* Assets.xcassets in Resources */ = {isa = PBXBuildFile; fileRef = 96B1DF3625FF3A5600F9FF61 /* Assets.xcassets */; };
		96B1DF3A25FF3A5600F9FF61 /* LaunchScreen.storyboard in Resources */ = {isa = PBXBuildFile; fileRef = 96B1DF3825FF3A5600F9FF61 /* LaunchScreen.storyboard */; };
/* End PBXBuildFile section */

/* Begin PBXFileReference section */
		84C541532603526E00AEBB49 /* Calculator+ActionType.swift */ = {isa = PBXFileReference; lastKnownFileType = sourcecode.swift; path = "Calculator+ActionType.swift"; sourceTree = "<group>"; };
		968529D925FF882F001994D7 /* Calculator.swift */ = {isa = PBXFileReference; lastKnownFileType = sourcecode.swift; path = Calculator.swift; sourceTree = "<group>"; };
		96B1DF2A25FF3A5400F9FF61 /* calculator.app */ = {isa = PBXFileReference; explicitFileType = wrapper.application; includeInIndex = 0; path = calculator.app; sourceTree = BUILT_PRODUCTS_DIR; };
		96B1DF2D25FF3A5400F9FF61 /* AppDelegate.swift */ = {isa = PBXFileReference; lastKnownFileType = sourcecode.swift; path = AppDelegate.swift; sourceTree = "<group>"; };
		96B1DF2F25FF3A5400F9FF61 /* SceneDelegate.swift */ = {isa = PBXFileReference; lastKnownFileType = sourcecode.swift; path = SceneDelegate.swift; sourceTree = "<group>"; };
		96B1DF3125FF3A5400F9FF61 /* CalculatorViewController.swift */ = {isa = PBXFileReference; lastKnownFileType = sourcecode.swift; path = CalculatorViewController.swift; sourceTree = "<group>"; };
		96B1DF3425FF3A5400F9FF61 /* Base */ = {isa = PBXFileReference; lastKnownFileType = file.storyboard; name = Base; path = Base.lproj/Main.storyboard; sourceTree = "<group>"; };
		96B1DF3625FF3A5600F9FF61 /* Assets.xcassets */ = {isa = PBXFileReference; lastKnownFileType = folder.assetcatalog; path = Assets.xcassets; sourceTree = "<group>"; };
		96B1DF3925FF3A5600F9FF61 /* Base */ = {isa = PBXFileReference; lastKnownFileType = file.storyboard; name = Base; path = Base.lproj/LaunchScreen.storyboard; sourceTree = "<group>"; };
		96B1DF3B25FF3A5600F9FF61 /* Info.plist */ = {isa = PBXFileReference; lastKnownFileType = text.plist.xml; path = Info.plist; sourceTree = "<group>"; };
/* End PBXFileReference section */

/* Begin PBXFrameworksBuildPhase section */
		96B1DF2725FF3A5400F9FF61 /* Frameworks */ = {
			isa = PBXFrameworksBuildPhase;
			buildActionMask = 2147483647;
			files = (
			);
			runOnlyForDeploymentPostprocessing = 0;
		};
/* End PBXFrameworksBuildPhase section */

/* Begin PBXGroup section */
		960D9BBB25FF656F00E13762 /* Resources */ = {
			isa = PBXGroup;
			children = (
				96B1DF3825FF3A5600F9FF61 /* LaunchScreen.storyboard */,
				96B1DF3625FF3A5600F9FF61 /* Assets.xcassets */,
			);
			path = Resources;
			sourceTree = "<group>";
		};
		960D9BBC25FF65C100E13762 /* Classes */ = {
			isa = PBXGroup;
			children = (
				960D9BBD25FF65E100E13762 /* AppDelegate */,
				96B1DF3125FF3A5400F9FF61 /* CalculatorViewController.swift */,
				96B1DF3325FF3A5400F9FF61 /* Main.storyboard */,
				968529D925FF882F001994D7 /* Calculator.swift */,
				84C541532603526E00AEBB49 /* Calculator+ActionType.swift */,
			);
			path = Classes;
			sourceTree = "<group>";
		};
		960D9BBD25FF65E100E13762 /* AppDelegate */ = {
			isa = PBXGroup;
			children = (
				96B1DF2D25FF3A5400F9FF61 /* AppDelegate.swift */,
				96B1DF2F25FF3A5400F9FF61 /* SceneDelegate.swift */,
			);
			path = AppDelegate;
			sourceTree = "<group>";
		};
		96B1DF2125FF3A5400F9FF61 = {
			isa = PBXGroup;
			children = (
				96B1DF2C25FF3A5400F9FF61 /* calculator */,
				96B1DF2B25FF3A5400F9FF61 /* Products */,
			);
			sourceTree = "<group>";
		};
		96B1DF2B25FF3A5400F9FF61 /* Products */ = {
			isa = PBXGroup;
			children = (
				96B1DF2A25FF3A5400F9FF61 /* calculator.app */,
			);
			name = Products;
			sourceTree = "<group>";
		};
		96B1DF2C25FF3A5400F9FF61 /* calculator */ = {
			isa = PBXGroup;
			children = (
				960D9BBC25FF65C100E13762 /* Classes */,
				960D9BBB25FF656F00E13762 /* Resources */,
				96B1DF3B25FF3A5600F9FF61 /* Info.plist */,
			);
			path = calculator;
			sourceTree = "<group>";
		};
/* End PBXGroup section */

/* Begin PBXNativeTarget section */
		96B1DF2925FF3A5400F9FF61 /* calculator */ = {
			isa = PBXNativeTarget;
			buildConfigurationList = 96B1DF3E25FF3A5600F9FF61 /* Build configuration list for PBXNativeTarget "calculator" */;
			buildPhases = (
				96B1DF2625FF3A5400F9FF61 /* Sources */,
				96B1DF2725FF3A5400F9FF61 /* Frameworks */,
				96B1DF2825FF3A5400F9FF61 /* Resources */,
			);
			buildRules = (
			);
			dependencies = (
			);
			name = calculator;
			productName = calculator;
			productReference = 96B1DF2A25FF3A5400F9FF61 /* calculator.app */;
			productType = "com.apple.product-type.application";
		};
/* End PBXNativeTarget section */

/* Begin PBXProject section */
		96B1DF2225FF3A5400F9FF61 /* Project object */ = {
			isa = PBXProject;
			attributes = {
				LastSwiftUpdateCheck = 1240;
				LastUpgradeCheck = 1240;
				TargetAttributes = {
					96B1DF2925FF3A5400F9FF61 = {
						CreatedOnToolsVersion = 12.4;
					};
				};
			};
			buildConfigurationList = 96B1DF2525FF3A5400F9FF61 /* Build configuration list for PBXProject "calculator" */;
			compatibilityVersion = "Xcode 9.3";
			developmentRegion = en;
			hasScannedForEncodings = 0;
			knownRegions = (
				en,
				Base,
			);
			mainGroup = 96B1DF2125FF3A5400F9FF61;
			productRefGroup = 96B1DF2B25FF3A5400F9FF61 /* Products */;
			projectDirPath = "";
			projectRoot = "";
			targets = (
				96B1DF2925FF3A5400F9FF61 /* calculator */,
			);
		};
/* End PBXProject section */

/* Begin PBXResourcesBuildPhase section */
		96B1DF2825FF3A5400F9FF61 /* Resources */ = {
			isa = PBXResourcesBuildPhase;
			buildActionMask = 2147483647;
			files = (
				96B1DF3A25FF3A5600F9FF61 /* LaunchScreen.storyboard in Resources */,
				96B1DF3725FF3A5600F9FF61 /* Assets.xcassets in Resources */,
				96B1DF3525FF3A5400F9FF61 /* Main.storyboard in Resources */,
			);
			runOnlyForDeploymentPostprocessing = 0;
		};
/* End PBXResourcesBuildPhase section */

/* Begin PBXSourcesBuildPhase section */
		96B1DF2625FF3A5400F9FF61 /* Sources */ = {
			isa = PBXSourcesBuildPhase;
			buildActionMask = 2147483647;
			files = (
				96B1DF3225FF3A5400F9FF61 /* CalculatorViewController.swift in Sources */,
				84C541542603526E00AEBB49 /* Calculator+ActionType.swift in Sources */,
				96B1DF2E25FF3A5400F9FF61 /* AppDelegate.swift in Sources */,
				96B1DF3025FF3A5400F9FF61 /* SceneDelegate.swift in Sources */,
				968529DA25FF882F001994D7 /* Calculator.swift in Sources */,
			);
			runOnlyForDeploymentPostprocessing = 0;
		};
/* End PBXSourcesBuildPhase section */

/* Begin PBXVariantGroup section */
		96B1DF3325FF3A5400F9FF61 /* Main.storyboard */ = {
			isa = PBXVariantGroup;
			children = (
				96B1DF3425FF3A5400F9FF61 /* Base */,
			);
			name = Main.storyboard;
			sourceTree = "<group>";
		};
		96B1DF3825FF3A5600F9FF61 /* LaunchScreen.storyboard */ = {
			isa = PBXVariantGroup;
			children = (
				96B1DF3925FF3A5600F9FF61 /* Base */,
			);
			name = LaunchScreen.storyboard;
			sourceTree = "<group>";
		};
/* End PBXVariantGroup section */

/* Begin XCBuildConfiguration section */
		96B1DF3C25FF3A5600F9FF61 /* Debug */ = {
			isa = XCBuildConfiguration;
			buildSettings = {
				ALWAYS_SEARCH_USER_PATHS = NO;
				CLANG_ANALYZER_NONNULL = YES;
				CLANG_ANALYZER_NUMBER_OBJECT_CONVERSION = YES_AGGRESSIVE;
				CLANG_CXX_LANGUAGE_STANDARD = "gnu++14";
				CLANG_CXX_LIBRARY = "libc++";
				CLANG_ENABLE_MODULES = YES;
				CLANG_ENABLE_OBJC_ARC = YES;
				CLANG_ENABLE_OBJC_WEAK = YES;
				CLANG_WARN_BLOCK_CAPTURE_AUTORELEASING = YES;
				CLANG_WARN_BOOL_CONVERSION = YES;
				CLANG_WARN_COMMA = YES;
				CLANG_WARN_CONSTANT_CONVERSION = YES;
				CLANG_WARN_DEPRECATED_OBJC_IMPLEMENTATIONS = YES;
				CLANG_WARN_DIRECT_OBJC_ISA_USAGE = YES_ERROR;
				CLANG_WARN_DOCUMENTATION_COMMENTS = YES;
				CLANG_WARN_EMPTY_BODY = YES;
				CLANG_WARN_ENUM_CONVERSION = YES;
				CLANG_WARN_INFINITE_RECURSION = YES;
				CLANG_WARN_INT_CONVERSION = YES;
				CLANG_WARN_NON_LITERAL_NULL_CONVERSION = YES;
				CLANG_WARN_OBJC_IMPLICIT_RETAIN_SELF = YES;
				CLANG_WARN_OBJC_LITERAL_CONVERSION = YES;
				CLANG_WARN_OBJC_ROOT_CLASS = YES_ERROR;
				CLANG_WARN_QUOTED_INCLUDE_IN_FRAMEWORK_HEADER = YES;
				CLANG_WARN_RANGE_LOOP_ANALYSIS = YES;
				CLANG_WARN_STRICT_PROTOTYPES = YES;
				CLANG_WARN_SUSPICIOUS_MOVE = YES;
				CLANG_WARN_UNGUARDED_AVAILABILITY = YES_AGGRESSIVE;
				CLANG_WARN_UNREACHABLE_CODE = YES;
				CLANG_WARN__DUPLICATE_METHOD_MATCH = YES;
				COPY_PHASE_STRIP = NO;
				DEBUG_INFORMATION_FORMAT = dwarf;
				ENABLE_STRICT_OBJC_MSGSEND = YES;
				ENABLE_TESTABILITY = YES;
				GCC_C_LANGUAGE_STANDARD = gnu11;
				GCC_DYNAMIC_NO_PIC = NO;
				GCC_NO_COMMON_BLOCKS = YES;
				GCC_OPTIMIZATION_LEVEL = 0;
				GCC_PREPROCESSOR_DEFINITIONS = (
					"DEBUG=1",
					"$(inherited)",
				);
				GCC_WARN_64_TO_32_BIT_CONVERSION = YES;
				GCC_WARN_ABOUT_RETURN_TYPE = YES_ERROR;
				GCC_WARN_UNDECLARED_SELECTOR = YES;
				GCC_WARN_UNINITIALIZED_AUTOS = YES_AGGRESSIVE;
				GCC_WARN_UNUSED_FUNCTION = YES;
				GCC_WARN_UNUSED_VARIABLE = YES;
				IPHONEOS_DEPLOYMENT_TARGET = 14.4;
				MTL_ENABLE_DEBUG_INFO = INCLUDE_SOURCE;
				MTL_FAST_MATH = YES;
				ONLY_ACTIVE_ARCH = YES;
				SDKROOT = iphoneos;
				SWIFT_ACTIVE_COMPILATION_CONDITIONS = DEBUG;
				SWIFT_OPTIMIZATION_LEVEL = "-Onone";
			};
			name = Debug;
		};
		96B1DF3D25FF3A5600F9FF61 /* Release */ = {
			isa = XCBuildConfiguration;
			buildSettings = {
				ALWAYS_SEARCH_USER_PATHS = NO;
				CLANG_ANALYZER_NONNULL = YES;
				CLANG_ANALYZER_NUMBER_OBJECT_CONVERSION = YES_AGGRESSIVE;
				CLANG_CXX_LANGUAGE_STANDARD = "gnu++14";
				CLANG_CXX_LIBRARY = "libc++";
				CLANG_ENABLE_MODULES = YES;
				CLANG_ENABLE_OBJC_ARC = YES;
				CLANG_ENABLE_OBJC_WEAK = YES;
				CLANG_WARN_BLOCK_CAPTURE_AUTORELEASING = YES;
				CLANG_WARN_BOOL_CONVERSION = YES;
				CLANG_WARN_COMMA = YES;
				CLANG_WARN_CONSTANT_CONVERSION = YES;
				CLANG_WARN_DEPRECATED_OBJC_IMPLEMENTATIONS = YES;
				CLANG_WARN_DIRECT_OBJC_ISA_USAGE = YES_ERROR;
				CLANG_WARN_DOCUMENTATION_COMMENTS = YES;
				CLANG_WARN_EMPTY_BODY = YES;
				CLANG_WARN_ENUM_CONVERSION = YES;
				CLANG_WARN_INFINITE_RECURSION = YES;
				CLANG_WARN_INT_CONVERSION = YES;
				CLANG_WARN_NON_LITERAL_NULL_CONVERSION = YES;
				CLANG_WARN_OBJC_IMPLICIT_RETAIN_SELF = YES;
				CLANG_WARN_OBJC_LITERAL_CONVERSION = YES;
				CLANG_WARN_OBJC_ROOT_CLASS = YES_ERROR;
				CLANG_WARN_QUOTED_INCLUDE_IN_FRAMEWORK_HEADER = YES;
				CLANG_WARN_RANGE_LOOP_ANALYSIS = YES;
				CLANG_WARN_STRICT_PROTOTYPES = YES;
				CLANG_WARN_SUSPICIOUS_MOVE = YES;
				CLANG_WARN_UNGUARDED_AVAILABILITY = YES_AGGRESSIVE;
				CLANG_WARN_UNREACHABLE_CODE = YES;
				CLANG_WARN__DUPLICATE_METHOD_MATCH = YES;
				COPY_PHASE_STRIP = NO;
				DEBUG_INFORMATION_FORMAT = "dwarf-with-dsym";
				ENABLE_NS_ASSERTIONS = NO;
				ENABLE_STRICT_OBJC_MSGSEND = YES;
				GCC_C_LANGUAGE_STANDARD = gnu11;
				GCC_NO_COMMON_BLOCKS = YES;
				GCC_WARN_64_TO_32_BIT_CONVERSION = YES;
				GCC_WARN_ABOUT_RETURN_TYPE = YES_ERROR;
				GCC_WARN_UNDECLARED_SELECTOR = YES;
				GCC_WARN_UNINITIALIZED_AUTOS = YES_AGGRESSIVE;
				GCC_WARN_UNUSED_FUNCTION = YES;
				GCC_WARN_UNUSED_VARIABLE = YES;
				IPHONEOS_DEPLOYMENT_TARGET = 14.4;
				MTL_ENABLE_DEBUG_INFO = NO;
				MTL_FAST_MATH = YES;
				SDKROOT = iphoneos;
				SWIFT_COMPILATION_MODE = wholemodule;
				SWIFT_OPTIMIZATION_LEVEL = "-O";
				VALIDATE_PRODUCT = YES;
			};
			name = Release;
		};
		96B1DF3F25FF3A5600F9FF61 /* Debug */ = {
			isa = XCBuildConfiguration;
			buildSettings = {
				ASSETCATALOG_COMPILER_APPICON_NAME = AppIcon;
				ASSETCATALOG_COMPILER_GLOBAL_ACCENT_COLOR_NAME = AccentColor;
				CODE_SIGN_IDENTITY = "Apple Development";
				CODE_SIGN_STYLE = Automatic;
				DEVELOPMENT_TEAM = 28WL2MUN55;
				INFOPLIST_FILE = calculator/Info.plist;
				IPHONEOS_DEPLOYMENT_TARGET = 12.1;
				LD_RUNPATH_SEARCH_PATHS = (
					"$(inherited)",
					"@executable_path/Frameworks",
				);
				PRODUCT_BUNDLE_IDENTIFIER = com.telesoftas.calculator;
				PRODUCT_NAME = "$(TARGET_NAME)";
				PROVISIONING_PROFILE_SPECIFIER = "";
				SWIFT_VERSION = 5.0;
				TARGETED_DEVICE_FAMILY = "1,2";
			};
			name = Debug;
		};
		96B1DF4025FF3A5600F9FF61 /* Release */ = {
			isa = XCBuildConfiguration;
			buildSettings = {
				ASSETCATALOG_COMPILER_APPICON_NAME = AppIcon;
				ASSETCATALOG_COMPILER_GLOBAL_ACCENT_COLOR_NAME = AccentColor;
				CODE_SIGN_IDENTITY = "Apple Development";
				CODE_SIGN_STYLE = Automatic;
				DEVELOPMENT_TEAM = 28WL2MUN55;
				INFOPLIST_FILE = calculator/Info.plist;
				IPHONEOS_DEPLOYMENT_TARGET = 12.1;
				LD_RUNPATH_SEARCH_PATHS = (
					"$(inherited)",
					"@executable_path/Frameworks",
				);
				PRODUCT_BUNDLE_IDENTIFIER = com.telesoftas.calculator;
				PRODUCT_NAME = "$(TARGET_NAME)";
				PROVISIONING_PROFILE_SPECIFIER = "";
				SWIFT_VERSION = 5.0;
				TARGETED_DEVICE_FAMILY = "1,2";
			};
			name = Release;
		};
/* End XCBuildConfiguration section */

/* Begin XCConfigurationList section */
		96B1DF2525FF3A5400F9FF61 /* Build configuration list for PBXProject "calculator" */ = {
			isa = XCConfigurationList;
			buildConfigurations = (
				96B1DF3C25FF3A5600F9FF61 /* Debug */,
				96B1DF3D25FF3A5600F9FF61 /* Release */,
			);
			defaultConfigurationIsVisible = 0;
			defaultConfigurationName = Release;
		};
		96B1DF3E25FF3A5600F9FF61 /* Build configuration list for PBXNativeTarget "calculator" */ = {
			isa = XCConfigurationList;
			buildConfigurations = (
				96B1DF3F25FF3A5600F9FF61 /* Debug */,
				96B1DF4025FF3A5600F9FF61 /* Release */,
			);
			defaultConfigurationIsVisible = 0;
			defaultConfigurationName = Release;
		};
/* End XCConfigurationList section */
	};
	rootObject = 96B1DF2225FF3A5400F9FF61 /* Project object */;
}
